
Microsoft Visual Studio Solution File, Format Version 12.00
# Visual Studio Version 17
VisualStudioVersion = 17.8.34511.84
MinimumVisualStudioVersion = 10.0.40219.1
Project("{FAE04EC0-301F-11D3-BF4B-00C04F79EFBC}") = "ASPWebApp", "ASPWebApp.csproj", "{6577A10E-E1CB-4680-A4FD-DFBD7FF38593}"
EndProject
Global
	GlobalSection(SolutionConfigurationPlatforms) = preSolution
		Debug|Any CPU = Debug|Any CPU
		Release|Any CPU = Release|Any CPU
	EndGlobalSection
	GlobalSection(ProjectConfigurationPlatforms) = postSolution
		{6577A10E-E1CB-4680-A4FD-DFBD7FF38593}.Debug|Any CPU.ActiveCfg = Debug|Any CPU
		{6577A10E-E1CB-4680-A4FD-DFBD7FF38593}.Debug|Any CPU.Build.0 = Debug|Any CPU
		{6577A10E-E1CB-4680-A4FD-DFBD7FF38593}.Release|Any CPU.ActiveCfg = Release|Any CPU
		{6577A10E-E1CB-4680-A4FD-DFBD7FF38593}.Release|Any CPU.Build.0 = Release|Any CPU
	EndGlobalSection
	GlobalSection(SolutionProperties) = preSolution
		HideSolutionNode = FALSE
	EndGlobalSection
	GlobalSection(ExtensibilityGlobals) = postSolution
		SolutionGuid = {F31C9EF0-A409-4880-BDAF-2EC1946005DE}
	EndGlobalSection
EndGlobal
